
Microsoft Visual Studio Solution File, Format Version 12.00
# Visual Studio Version 16
VisualStudioVersion = 16.0.30804.86
MinimumVisualStudioVersion = 10.0.40219.1
Project("{FAE04EC0-301F-11D3-BF4B-00C04F79EFBC}") = "KabezaWebApplication New", "KabezaWebApplication New.csproj", "{F54DD2DF-9EC0-490A-A4CC-AEF5EBA8583B}"
EndProject
Global
	GlobalSection(SolutionConfigurationPlatforms) = preSolution
		Debug|Any CPU = Debug|Any CPU
		Release|Any CPU = Release|Any CPU
	EndGlobalSection
	GlobalSection(ProjectConfigurationPlatforms) = postSolution
		{F54DD2DF-9EC0-490A-A4CC-AEF5EBA8583B}.Debug|Any CPU.ActiveCfg = Debug|Any CPU
		{F54DD2DF-9EC0-490A-A4CC-AEF5EBA8583B}.Debug|Any CPU.Build.0 = Debug|Any CPU
		{F54DD2DF-9EC0-490A-A4CC-AEF5EBA8583B}.Release|Any CPU.ActiveCfg = Release|Any CPU
		{F54DD2DF-9EC0-490A-A4CC-AEF5EBA8583B}.Release|Any CPU.Build.0 = Release|Any CPU
	EndGlobalSection
	GlobalSection(SolutionProperties) = preSolution
		HideSolutionNode = FALSE
	EndGlobalSection
	GlobalSection(ExtensibilityGlobals) = postSolution
		SolutionGuid = {769A3DB1-6022-483A-86F4-C703E1638107}
	EndGlobalSection
EndGlobal
